
Microsoft Visual Studio Solution File, Format Version 12.00
# Visual Studio 15
VisualStudioVersion = 15.0.28307.1401
MinimumVisualStudioVersion = 10.0.40219.1
Project("{FAE04EC0-301F-11D3-BF4B-00C04F79EFBC}") = "StoreFrontLab.UI", "StoreFrontLab.UI\StoreFrontLab.UI.csproj", "{00AD0423-172D-474F-8B92-F50F6DF08A4A}"
EndProject
Global
	GlobalSection(SolutionConfigurationPlatforms) = preSolution
		Debug|Any CPU = Debug|Any CPU
		Release|Any CPU = Release|Any CPU
	EndGlobalSection
	GlobalSection(ProjectConfigurationPlatforms) = postSolution
		{00AD0423-172D-474F-8B92-F50F6DF08A4A}.Debug|Any CPU.ActiveCfg = Debug|Any CPU
		{00AD0423-172D-474F-8B92-F50F6DF08A4A}.Debug|Any CPU.Build.0 = Debug|Any CPU
		{00AD0423-172D-474F-8B92-F50F6DF08A4A}.Release|Any CPU.ActiveCfg = Release|Any CPU
		{00AD0423-172D-474F-8B92-F50F6DF08A4A}.Release|Any CPU.Build.0 = Release|Any CPU
	EndGlobalSection
	GlobalSection(SolutionProperties) = preSolution
		HideSolutionNode = FALSE
	EndGlobalSection
	GlobalSection(ExtensibilityGlobals) = postSolution
		SolutionGuid = {F7DDD63E-1DA7-40F7-9F9B-1DE8BF22394F}
	EndGlobalSection
EndGlobal
